
Microsoft Visual Studio Solution File, Format Version 12.00
# Visual Studio Version 17
VisualStudioVersion = 17.6.33815.320
MinimumVisualStudioVersion = 10.0.40219.1
Project("{FAE04EC0-301F-11D3-BF4B-00C04F79EFBC}") = "Tree_Controller_BepInEx", "Tree_Controller_BepInEx\Tree_Controller_BepInEx.csproj", "{8BED8C70-8373-4215-ACD3-8EA2A6E7FDD4}"
EndProject
Global
	GlobalSection(SolutionConfigurationPlatforms) = preSolution
		Debug|Any CPU = Debug|Any CPU
		Release|Any CPU = Release|Any CPU
	EndGlobalSection
	GlobalSection(ProjectConfigurationPlatforms) = postSolution
		{8BED8C70-8373-4215-ACD3-8EA2A6E7FDD4}.Debug|Any CPU.ActiveCfg = Debug|Any CPU
		{8BED8C70-8373-4215-ACD3-8EA2A6E7FDD4}.Debug|Any CPU.Build.0 = Debug|Any CPU
		{8BED8C70-8373-4215-ACD3-8EA2A6E7FDD4}.Release|Any CPU.ActiveCfg = Release|Any CPU
		{8BED8C70-8373-4215-ACD3-8EA2A6E7FDD4}.Release|Any CPU.Build.0 = Release|Any CPU
	EndGlobalSection
	GlobalSection(SolutionProperties) = preSolution
		HideSolutionNode = FALSE
	EndGlobalSection
	GlobalSection(ExtensibilityGlobals) = postSolution
		SolutionGuid = {14B8CED8-D284-49DC-ACAF-3941911328EE}
	EndGlobalSection
EndGlobal
